
Microsoft Visual Studio Solution File, Format Version 12.00
Project("{2150E333-8FDC-42A3-9474-1A3956D46DE8}") = "InventoryService", "InventoryService", "{B1FA02C9-B4B1-4386-B49F-78CA6C49715D}"
EndProject
Project("{2150E333-8FDC-42A3-9474-1A3956D46DE8}") = "OrderService", "OrderService", "{1BFBEE48-F59C-4AD9-82E1-9281C2E17590}"
EndProject
Project("{FAE04EC0-301F-11D3-BF4B-00C04F79EFBC}") = "Business", "Business\Business.csproj", "{5C4E1FDB-E930-4A4D-977D-B47DA7C6AE9A}"
EndProject
Project("{FAE04EC0-301F-11D3-BF4B-00C04F79EFBC}") = "InfraData", "InfraData\InfraData.csproj", "{8659E2CD-2389-4EE2-BC77-4C8C08D03253}"
EndProject
Project("{FAE04EC0-301F-11D3-BF4B-00C04F79EFBC}") = "InfraIOC", "InfraIOC\InfraIOC.csproj", "{AB2C4DB5-3F21-4BFA-8E9B-BBA20F046CDC}"
EndProject
Project("{FAE04EC0-301F-11D3-BF4B-00C04F79EFBC}") = "_InventoryAPI", "_InventoryAPI\_InventoryAPI.csproj", "{74D25DA0-FC8B-44E0-B261-D9688377FB61}"
EndProject
Project("{FAE04EC0-301F-11D3-BF4B-00C04F79EFBC}") = "UnitTests", "UnitTests\UnitTests.csproj", "{853838C0-F6A2-4AD4-BA8A-26BFA84E3DAF}"
EndProject
Global
	GlobalSection(SolutionConfigurationPlatforms) = preSolution
		Debug|Any CPU = Debug|Any CPU
		Release|Any CPU = Release|Any CPU
	EndGlobalSection
	GlobalSection(NestedProjects) = preSolution
		{5C4E1FDB-E930-4A4D-977D-B47DA7C6AE9A} = {B1FA02C9-B4B1-4386-B49F-78CA6C49715D}
		{8659E2CD-2389-4EE2-BC77-4C8C08D03253} = {B1FA02C9-B4B1-4386-B49F-78CA6C49715D}
		{AB2C4DB5-3F21-4BFA-8E9B-BBA20F046CDC} = {B1FA02C9-B4B1-4386-B49F-78CA6C49715D}
		{74D25DA0-FC8B-44E0-B261-D9688377FB61} = {B1FA02C9-B4B1-4386-B49F-78CA6C49715D}
		{853838C0-F6A2-4AD4-BA8A-26BFA84E3DAF} = {B1FA02C9-B4B1-4386-B49F-78CA6C49715D}
	EndGlobalSection
	GlobalSection(ProjectConfigurationPlatforms) = postSolution
		{5C4E1FDB-E930-4A4D-977D-B47DA7C6AE9A}.Debug|Any CPU.ActiveCfg = Debug|Any CPU
		{5C4E1FDB-E930-4A4D-977D-B47DA7C6AE9A}.Debug|Any CPU.Build.0 = Debug|Any CPU
		{5C4E1FDB-E930-4A4D-977D-B47DA7C6AE9A}.Release|Any CPU.ActiveCfg = Release|Any CPU
		{5C4E1FDB-E930-4A4D-977D-B47DA7C6AE9A}.Release|Any CPU.Build.0 = Release|Any CPU
		{8659E2CD-2389-4EE2-BC77-4C8C08D03253}.Debug|Any CPU.ActiveCfg = Debug|Any CPU
		{8659E2CD-2389-4EE2-BC77-4C8C08D03253}.Debug|Any CPU.Build.0 = Debug|Any CPU
		{8659E2CD-2389-4EE2-BC77-4C8C08D03253}.Release|Any CPU.ActiveCfg = Release|Any CPU
		{8659E2CD-2389-4EE2-BC77-4C8C08D03253}.Release|Any CPU.Build.0 = Release|Any CPU
		{AB2C4DB5-3F21-4BFA-8E9B-BBA20F046CDC}.Debug|Any CPU.ActiveCfg = Debug|Any CPU
		{AB2C4DB5-3F21-4BFA-8E9B-BBA20F046CDC}.Debug|Any CPU.Build.0 = Debug|Any CPU
		{AB2C4DB5-3F21-4BFA-8E9B-BBA20F046CDC}.Release|Any CPU.ActiveCfg = Release|Any CPU
		{AB2C4DB5-3F21-4BFA-8E9B-BBA20F046CDC}.Release|Any CPU.Build.0 = Release|Any CPU
		{74D25DA0-FC8B-44E0-B261-D9688377FB61}.Debug|Any CPU.ActiveCfg = Debug|Any CPU
		{74D25DA0-FC8B-44E0-B261-D9688377FB61}.Debug|Any CPU.Build.0 = Debug|Any CPU
		{74D25DA0-FC8B-44E0-B261-D9688377FB61}.Release|Any CPU.ActiveCfg = Release|Any CPU
		{74D25DA0-FC8B-44E0-B261-D9688377FB61}.Release|Any CPU.Build.0 = Release|Any CPU
		{853838C0-F6A2-4AD4-BA8A-26BFA84E3DAF}.Debug|Any CPU.ActiveCfg = Debug|Any CPU
		{853838C0-F6A2-4AD4-BA8A-26BFA84E3DAF}.Debug|Any CPU.Build.0 = Debug|Any CPU
		{853838C0-F6A2-4AD4-BA8A-26BFA84E3DAF}.Release|Any CPU.ActiveCfg = Release|Any CPU
		{853838C0-F6A2-4AD4-BA8A-26BFA84E3DAF}.Release|Any CPU.Build.0 = Release|Any CPU
	EndGlobalSection
EndGlobal
