
Microsoft Visual Studio Solution File, Format Version 12.00
Project("{2150E333-8FDC-42A3-9474-1A3956D46DE8}") = "InventoryService", "InventoryService", "{B1FA02C9-B4B1-4386-B49F-78CA6C49715D}"
EndProject
Project("{2150E333-8FDC-42A3-9474-1A3956D46DE8}") = "OrderService", "OrderService", "{1BFBEE48-F59C-4AD9-82E1-9281C2E17590}"
EndProject
Project("{FAE04EC0-301F-11D3-BF4B-00C04F79EFBC}") = "InventoryBusiness", "InventoryService\InventoryBusiness\InventoryBusiness.csproj", "{5C4E1FDB-E930-4A4D-977D-B47DA7C6AE9A}"
EndProject
Project("{FAE04EC0-301F-11D3-BF4B-00C04F79EFBC}") = "InventoryInfraData", "InventoryService\InventoryInfraData\InventoryInfraData.csproj", "{8659E2CD-2389-4EE2-BC77-4C8C08D03253}"
EndProject
Project("{FAE04EC0-301F-11D3-BF4B-00C04F79EFBC}") = "InventoryInfraIOC", "InventoryService\InventoryInfraIOC\InventoryInfraIOC.csproj", "{AB2C4DB5-3F21-4BFA-8E9B-BBA20F046CDC}"
EndProject
Project("{FAE04EC0-301F-11D3-BF4B-00C04F79EFBC}") = "_InventoryAPI", "InventoryService\_InventoryAPI\_InventoryAPI.csproj", "{74D25DA0-FC8B-44E0-B261-D9688377FB61}"
EndProject
Project("{FAE04EC0-301F-11D3-BF4B-00C04F79EFBC}") = "InventoryUnitTests", "InventoryService\InventoryUnitTests\InventoryUnitTests.csproj", "{853838C0-F6A2-4AD4-BA8A-26BFA84E3DAF}"
EndProject
Project("{FAE04EC0-301F-11D3-BF4B-00C04F79EFBC}") = "InventoryApplication", "InventoryService\InventoryApplication\InventoryApplication.csproj", "{5BAE7F35-6F64-49B3-91D6-F385B5DDEED0}"
EndProject
Project("{FAE04EC0-301F-11D3-BF4B-00C04F79EFBC}") = "OrderBusiness", "OrderService\OrderBusiness\OrderBusiness.csproj", "{3E6EA63C-95E4-46AE-BDD0-84F82EB9D2DA}"
EndProject
Project("{FAE04EC0-301F-11D3-BF4B-00C04F79EFBC}") = "OrderApplication", "OrderService\OrderApplication\OrderApplication.csproj", "{1D76F95D-7763-4B60-BF45-0979F3F18A79}"
EndProject
Project("{FAE04EC0-301F-11D3-BF4B-00C04F79EFBC}") = "OrderInfraData", "OrderService\OrderInfraData\OrderInfraData.csproj", "{BBF99346-8EFA-4419-8351-CB1E129C3637}"
EndProject
Project("{FAE04EC0-301F-11D3-BF4B-00C04F79EFBC}") = "OrderInfraIOC", "OrderService\OrderInfraIOC\OrderInfraIOC.csproj", "{C7060469-7529-43AE-841E-ECAE01DFA48D}"
EndProject
Project("{FAE04EC0-301F-11D3-BF4B-00C04F79EFBC}") = "OrderTests", "OrderService\OrderTests\OrderTests.csproj", "{A5E0ADDB-6A42-4FF2-81DB-AE976FC39368}"
EndProject
Project("{FAE04EC0-301F-11D3-BF4B-00C04F79EFBC}") = "_OrderAPI", "OrderService\_OrderAPI\_OrderAPI.csproj", "{4D981892-D97C-4020-984D-5ADBB1AA697C}"
EndProject
Project("{2150E333-8FDC-42A3-9474-1A3956D46DE8}") = "Shared", "Shared", "{87E3E9F7-0BB9-4924-8084-9FCAE011662F}"
EndProject
Project("{FAE04EC0-301F-11D3-BF4B-00C04F79EFBC}") = "Shared.Contracts", "Shared\Shared.Contracts\Shared.Contracts.csproj", "{A2FACCE5-FF02-4D8A-982A-BC2D441E9595}"
EndProject
Global
	GlobalSection(SolutionConfigurationPlatforms) = preSolution
		Debug|Any CPU = Debug|Any CPU
		Release|Any CPU = Release|Any CPU
	EndGlobalSection
	GlobalSection(NestedProjects) = preSolution
		{5C4E1FDB-E930-4A4D-977D-B47DA7C6AE9A} = {B1FA02C9-B4B1-4386-B49F-78CA6C49715D}
		{8659E2CD-2389-4EE2-BC77-4C8C08D03253} = {B1FA02C9-B4B1-4386-B49F-78CA6C49715D}
		{AB2C4DB5-3F21-4BFA-8E9B-BBA20F046CDC} = {B1FA02C9-B4B1-4386-B49F-78CA6C49715D}
		{74D25DA0-FC8B-44E0-B261-D9688377FB61} = {B1FA02C9-B4B1-4386-B49F-78CA6C49715D}
		{853838C0-F6A2-4AD4-BA8A-26BFA84E3DAF} = {B1FA02C9-B4B1-4386-B49F-78CA6C49715D}
		{5BAE7F35-6F64-49B3-91D6-F385B5DDEED0} = {B1FA02C9-B4B1-4386-B49F-78CA6C49715D}
		{3E6EA63C-95E4-46AE-BDD0-84F82EB9D2DA} = {1BFBEE48-F59C-4AD9-82E1-9281C2E17590}
		{1D76F95D-7763-4B60-BF45-0979F3F18A79} = {1BFBEE48-F59C-4AD9-82E1-9281C2E17590}
		{BBF99346-8EFA-4419-8351-CB1E129C3637} = {1BFBEE48-F59C-4AD9-82E1-9281C2E17590}
		{C7060469-7529-43AE-841E-ECAE01DFA48D} = {1BFBEE48-F59C-4AD9-82E1-9281C2E17590}
		{A5E0ADDB-6A42-4FF2-81DB-AE976FC39368} = {1BFBEE48-F59C-4AD9-82E1-9281C2E17590}
		{4D981892-D97C-4020-984D-5ADBB1AA697C} = {1BFBEE48-F59C-4AD9-82E1-9281C2E17590}
		{A2FACCE5-FF02-4D8A-982A-BC2D441E9595} = {87E3E9F7-0BB9-4924-8084-9FCAE011662F}
	EndGlobalSection
	GlobalSection(ProjectConfigurationPlatforms) = postSolution
		{5C4E1FDB-E930-4A4D-977D-B47DA7C6AE9A}.Debug|Any CPU.ActiveCfg = Debug|Any CPU
		{5C4E1FDB-E930-4A4D-977D-B47DA7C6AE9A}.Debug|Any CPU.Build.0 = Debug|Any CPU
		{5C4E1FDB-E930-4A4D-977D-B47DA7C6AE9A}.Release|Any CPU.ActiveCfg = Release|Any CPU
		{5C4E1FDB-E930-4A4D-977D-B47DA7C6AE9A}.Release|Any CPU.Build.0 = Release|Any CPU
		{8659E2CD-2389-4EE2-BC77-4C8C08D03253}.Debug|Any CPU.ActiveCfg = Debug|Any CPU
		{8659E2CD-2389-4EE2-BC77-4C8C08D03253}.Debug|Any CPU.Build.0 = Debug|Any CPU
		{8659E2CD-2389-4EE2-BC77-4C8C08D03253}.Release|Any CPU.ActiveCfg = Release|Any CPU
		{8659E2CD-2389-4EE2-BC77-4C8C08D03253}.Release|Any CPU.Build.0 = Release|Any CPU
		{AB2C4DB5-3F21-4BFA-8E9B-BBA20F046CDC}.Debug|Any CPU.ActiveCfg = Debug|Any CPU
		{AB2C4DB5-3F21-4BFA-8E9B-BBA20F046CDC}.Debug|Any CPU.Build.0 = Debug|Any CPU
		{AB2C4DB5-3F21-4BFA-8E9B-BBA20F046CDC}.Release|Any CPU.ActiveCfg = Release|Any CPU
		{AB2C4DB5-3F21-4BFA-8E9B-BBA20F046CDC}.Release|Any CPU.Build.0 = Release|Any CPU
		{74D25DA0-FC8B-44E0-B261-D9688377FB61}.Debug|Any CPU.ActiveCfg = Debug|Any CPU
		{74D25DA0-FC8B-44E0-B261-D9688377FB61}.Debug|Any CPU.Build.0 = Debug|Any CPU
		{74D25DA0-FC8B-44E0-B261-D9688377FB61}.Release|Any CPU.ActiveCfg = Release|Any CPU
		{74D25DA0-FC8B-44E0-B261-D9688377FB61}.Release|Any CPU.Build.0 = Release|Any CPU
		{853838C0-F6A2-4AD4-BA8A-26BFA84E3DAF}.Debug|Any CPU.ActiveCfg = Debug|Any CPU
		{853838C0-F6A2-4AD4-BA8A-26BFA84E3DAF}.Debug|Any CPU.Build.0 = Debug|Any CPU
		{853838C0-F6A2-4AD4-BA8A-26BFA84E3DAF}.Release|Any CPU.ActiveCfg = Release|Any CPU
		{853838C0-F6A2-4AD4-BA8A-26BFA84E3DAF}.Release|Any CPU.Build.0 = Release|Any CPU
		{5BAE7F35-6F64-49B3-91D6-F385B5DDEED0}.Debug|Any CPU.ActiveCfg = Debug|Any CPU
		{5BAE7F35-6F64-49B3-91D6-F385B5DDEED0}.Debug|Any CPU.Build.0 = Debug|Any CPU
		{5BAE7F35-6F64-49B3-91D6-F385B5DDEED0}.Release|Any CPU.ActiveCfg = Release|Any CPU
		{5BAE7F35-6F64-49B3-91D6-F385B5DDEED0}.Release|Any CPU.Build.0 = Release|Any CPU
		{3E6EA63C-95E4-46AE-BDD0-84F82EB9D2DA}.Debug|Any CPU.ActiveCfg = Debug|Any CPU
		{3E6EA63C-95E4-46AE-BDD0-84F82EB9D2DA}.Debug|Any CPU.Build.0 = Debug|Any CPU
		{3E6EA63C-95E4-46AE-BDD0-84F82EB9D2DA}.Release|Any CPU.ActiveCfg = Release|Any CPU
		{3E6EA63C-95E4-46AE-BDD0-84F82EB9D2DA}.Release|Any CPU.Build.0 = Release|Any CPU
		{1D76F95D-7763-4B60-BF45-0979F3F18A79}.Debug|Any CPU.ActiveCfg = Debug|Any CPU
		{1D76F95D-7763-4B60-BF45-0979F3F18A79}.Debug|Any CPU.Build.0 = Debug|Any CPU
		{1D76F95D-7763-4B60-BF45-0979F3F18A79}.Release|Any CPU.ActiveCfg = Release|Any CPU
		{1D76F95D-7763-4B60-BF45-0979F3F18A79}.Release|Any CPU.Build.0 = Release|Any CPU
		{BBF99346-8EFA-4419-8351-CB1E129C3637}.Debug|Any CPU.ActiveCfg = Debug|Any CPU
		{BBF99346-8EFA-4419-8351-CB1E129C3637}.Debug|Any CPU.Build.0 = Debug|Any CPU
		{BBF99346-8EFA-4419-8351-CB1E129C3637}.Release|Any CPU.ActiveCfg = Release|Any CPU
		{BBF99346-8EFA-4419-8351-CB1E129C3637}.Release|Any CPU.Build.0 = Release|Any CPU
		{C7060469-7529-43AE-841E-ECAE01DFA48D}.Debug|Any CPU.ActiveCfg = Debug|Any CPU
		{C7060469-7529-43AE-841E-ECAE01DFA48D}.Debug|Any CPU.Build.0 = Debug|Any CPU
		{C7060469-7529-43AE-841E-ECAE01DFA48D}.Release|Any CPU.ActiveCfg = Release|Any CPU
		{C7060469-7529-43AE-841E-ECAE01DFA48D}.Release|Any CPU.Build.0 = Release|Any CPU
		{A5E0ADDB-6A42-4FF2-81DB-AE976FC39368}.Debug|Any CPU.ActiveCfg = Debug|Any CPU
		{A5E0ADDB-6A42-4FF2-81DB-AE976FC39368}.Debug|Any CPU.Build.0 = Debug|Any CPU
		{A5E0ADDB-6A42-4FF2-81DB-AE976FC39368}.Release|Any CPU.ActiveCfg = Release|Any CPU
		{A5E0ADDB-6A42-4FF2-81DB-AE976FC39368}.Release|Any CPU.Build.0 = Release|Any CPU
		{4D981892-D97C-4020-984D-5ADBB1AA697C}.Debug|Any CPU.ActiveCfg = Debug|Any CPU
		{4D981892-D97C-4020-984D-5ADBB1AA697C}.Debug|Any CPU.Build.0 = Debug|Any CPU
		{4D981892-D97C-4020-984D-5ADBB1AA697C}.Release|Any CPU.ActiveCfg = Release|Any CPU
		{4D981892-D97C-4020-984D-5ADBB1AA697C}.Release|Any CPU.Build.0 = Release|Any CPU
		{A2FACCE5-FF02-4D8A-982A-BC2D441E9595}.Debug|Any CPU.ActiveCfg = Debug|Any CPU
		{A2FACCE5-FF02-4D8A-982A-BC2D441E9595}.Debug|Any CPU.Build.0 = Debug|Any CPU
		{A2FACCE5-FF02-4D8A-982A-BC2D441E9595}.Release|Any CPU.ActiveCfg = Release|Any CPU
		{A2FACCE5-FF02-4D8A-982A-BC2D441E9595}.Release|Any CPU.Build.0 = Release|Any CPU
	EndGlobalSection
EndGlobal
